# This is a Gradle generated file for dependency locking.
# Manual edits can break the build and are not advised.
# This file is expected to be part of source control.
androidx.activity:activity-compose:1.11.0=standardDebugAndroidTestCompileClasspath,standardDebugAndroidTestRuntimeClasspath,standardDebugCompileClasspath,standardDebugRuntimeClasspath,standardDebugUnitTestCompileClasspath,standardDebugUnitTestRuntimeClasspath,standardReleaseCompileClasspath,standardReleaseRuntimeClasspath,standardReleaseUnitTestCompileClasspath,standardReleaseUnitTestRuntimeClasspath
androidx.activity:activity-ktx:1.11.0=standardDebugAndroidTestRuntimeClasspath,standardDebugRuntimeClasspath,standardDebugUnitTestRuntimeClasspath,standardReleaseRuntimeClasspath,standardReleaseUnitTestRuntimeClasspath
androidx.activity:activity:1.11.0=standardDebugAndroidTestCompileClasspath,standardDebugAndroidTestRuntimeClasspath,standardDebugCompileClasspath,standardDebugRuntimeClasspath,standardDebugUnitTestCompileClasspath,standardDebugUnitTestRuntimeClasspath,standardReleaseCompileClasspath,standardReleaseRuntimeClasspath,standardReleaseUnitTestCompileClasspath,standardReleaseUnitTestRuntimeClasspath
androidx.annotation:annotation-experimental:1.4.1=standardDebugAndroidTestCompileClasspath,standardDebugAndroidTestRuntimeClasspath,standardDebugCompileClasspath,standardDebugRuntimeClasspath,standardDebugUnitTestCompileClasspath,standardDebugUnitTestRuntimeClasspath,standardReleaseCompileClasspath,standardReleaseRuntimeClasspath,standardReleaseUnitTestCompileClasspath,standardReleaseUnitTestRuntimeClasspath
androidx.annotation:annotation-jvm:1.9.1=standardDebugAndroidTestCompileClasspath,standardDebugAndroidTestRuntimeClasspath,standardDebugCompileClasspath,standardDebugRuntimeClasspath,standardDebugUnitTestCompileClasspath,standardDebugUnitTestRuntimeClasspath,standardReleaseCompileClasspath,standardReleaseRuntimeClasspath,standardReleaseUnitTestCompileClasspath,standardReleaseUnitTestRuntimeClasspath
androidx.annotation:annotation:1.9.1=standardDebugAndroidTestCompileClasspath,standardDebugAndroidTestRuntimeClasspath,standardDebugCompileClasspath,standardDebugRuntimeClasspath,standardDebugUnitTestCompileClasspath,standardDebugUnitTestRuntimeClasspath,standardReleaseCompileClasspath,standardReleaseRuntimeClasspath,standardReleaseUnitTestCompileClasspath,standardReleaseUnitTestRuntimeClasspath
androidx.arch.core:core-common:2.2.0=standardDebugAndroidTestCompileClasspath,standardDebugAndroidTestRuntimeClasspath,standardDebugCompileClasspath,standardDebugRuntimeClasspath,standardDebugUnitTestCompileClasspath,standardDebugUnitTestRuntimeClasspath,standardReleaseCompileClasspath,standardReleaseRuntimeClasspath,standardReleaseUnitTestCompileClasspath,standardReleaseUnitTestRuntimeClasspath
androidx.arch.core:core-runtime:2.2.0=standardDebugAndroidTestRuntimeClasspath,standardDebugRuntimeClasspath,standardDebugUnitTestRuntimeClasspath,standardReleaseRuntimeClasspath,standardReleaseUnitTestRuntimeClasspath
androidx.autofill:autofill:1.0.0=standardDebugAndroidTestRuntimeClasspath,standardDebugRuntimeClasspath,standardDebugUnitTestRuntimeClasspath,standardReleaseRuntimeClasspath,standardReleaseUnitTestRuntimeClasspath
androidx.collection:collection-jvm:1.5.0=standardDebugAndroidTestCompileClasspath,standardDebugAndroidTestRuntimeClasspath,standardDebugCompileClasspath,standardDebugRuntimeClasspath,standardDebugUnitTestCompileClasspath,standardDebugUnitTestRuntimeClasspath,standardReleaseCompileClasspath,standardReleaseRuntimeClasspath,standardReleaseUnitTestCompileClasspath,standardReleaseUnitTestRuntimeClasspath
androidx.collection:collection-ktx:1.5.0=standardDebugAndroidTestRuntimeClasspath,standardDebugRuntimeClasspath,standardDebugUnitTestRuntimeClasspath,standardReleaseRuntimeClasspath,standardReleaseUnitTestRuntimeClasspath
androidx.collection:collection:1.5.0=standardDebugAndroidTestCompileClasspath,standardDebugAndroidTestRuntimeClasspath,standardDebugCompileClasspath,standardDebugRuntimeClasspath,standardDebugUnitTestCompileClasspath,standardDebugUnitTestRuntimeClasspath,standardReleaseCompileClasspath,standardReleaseRuntimeClasspath,standardReleaseUnitTestCompileClasspath,standardReleaseUnitTestRuntimeClasspath
androidx.compose.animation:animation-android:1.9.0=standardDebugAndroidTestCompileClasspath,standardDebugCompileClasspath,standardDebugRuntimeClasspath,standardDebugUnitTestCompileClasspath,standardDebugUnitTestRuntimeClasspath,standardReleaseCompileClasspath,standardReleaseRuntimeClasspath,standardReleaseUnitTestCompileClasspath,standardReleaseUnitTestRuntimeClasspath
androidx.compose.animation:animation-core-android:1.9.0=standardDebugAndroidTestCompileClasspath,standardDebugCompileClasspath,standardDebugRuntimeClasspath,standardDebugUnitTestCompileClasspath,standardDebugUnitTestRuntimeClasspath,standardReleaseCompileClasspath,standardReleaseRuntimeClasspath,standardReleaseUnitTestCompileClasspath,standardReleaseUnitTestRuntimeClasspath
androidx.compose.animation:animation-core:1.9.0=standardDebugAndroidTestCompileClasspath,standardDebugCompileClasspath,standardDebugRuntimeClasspath,standardDebugUnitTestCompileClasspath,standardDebugUnitTestRuntimeClasspath,standardReleaseCompileClasspath,standardReleaseRuntimeClasspath,standardReleaseUnitTestCompileClasspath,standardReleaseUnitTestRuntimeClasspath
androidx.compose.animation:animation:1.9.0=standardDebugAndroidTestCompileClasspath,standardDebugCompileClasspath,standardDebugRuntimeClasspath,standardDebugUnitTestCompileClasspath,standardDebugUnitTestRuntimeClasspath,standardReleaseCompileClasspath,standardReleaseRuntimeClasspath,standardReleaseUnitTestCompileClasspath,standardReleaseUnitTestRuntimeClasspath
androidx.compose.foundation:foundation-android:1.9.0=standardDebugAndroidTestCompileClasspath,standardDebugCompileClasspath,standardDebugRuntimeClasspath,standardDebugUnitTestCompileClasspath,standardDebugUnitTestRuntimeClasspath,standardReleaseCompileClasspath,standardReleaseRuntimeClasspath,standardReleaseUnitTestCompileClasspath,standardReleaseUnitTestRuntimeClasspath
androidx.compose.foundation:foundation-layout-android:1.9.0=standardDebugAndroidTestCompileClasspath,standardDebugCompileClasspath,standardDebugRuntimeClasspath,standardDebugUnitTestCompileClasspath,standardDebugUnitTestRuntimeClasspath,standardReleaseCompileClasspath,standardReleaseRuntimeClasspath,standardReleaseUnitTestCompileClasspath,standardReleaseUnitTestRuntimeClasspath
androidx.compose.foundation:foundation-layout:1.9.0=standardDebugAndroidTestCompileClasspath,standardDebugCompileClasspath,standardDebugRuntimeClasspath,standardDebugUnitTestCompileClasspath,standardDebugUnitTestRuntimeClasspath,standardReleaseCompileClasspath,standardReleaseRuntimeClasspath,standardReleaseUnitTestCompileClasspath,standardReleaseUnitTestRuntimeClasspath
androidx.compose.foundation:foundation:1.9.0=standardDebugAndroidTestCompileClasspath,standardDebugCompileClasspath,standardDebugRuntimeClasspath,standardDebugUnitTestCompileClasspath,standardDebugUnitTestRuntimeClasspath,standardReleaseCompileClasspath,standardReleaseRuntimeClasspath,standardReleaseUnitTestCompileClasspath,standardReleaseUnitTestRuntimeClasspath
androidx.compose.material3:material3-android:1.3.2=standardDebugAndroidTestCompileClasspath,standardDebugCompileClasspath,standardDebugRuntimeClasspath,standardDebugUnitTestCompileClasspath,standardDebugUnitTestRuntimeClasspath,standardReleaseCompileClasspath,standardReleaseRuntimeClasspath,standardReleaseUnitTestCompileClasspath,standardReleaseUnitTestRuntimeClasspath
androidx.compose.material3:material3:1.3.2=standardDebugAndroidTestCompileClasspath,standardDebugCompileClasspath,standardDebugRuntimeClasspath,standardDebugUnitTestCompileClasspath,standardDebugUnitTestRuntimeClasspath,standardReleaseCompileClasspath,standardReleaseRuntimeClasspath,standardReleaseUnitTestCompileClasspath,standardReleaseUnitTestRuntimeClasspath
androidx.compose.material:material-android:1.9.0=standardDebugRuntimeClasspath,standardDebugUnitTestRuntimeClasspath
androidx.compose.material:material-icons-core-android:1.7.8=standardDebugAndroidTestCompileClasspath,standardDebugCompileClasspath,standardDebugRuntimeClasspath,standardDebugUnitTestCompileClasspath,standardDebugUnitTestRuntimeClasspath,standardReleaseCompileClasspath,standardReleaseRuntimeClasspath,standardReleaseUnitTestCompileClasspath,standardReleaseUnitTestRuntimeClasspath
androidx.compose.material:material-icons-core:1.7.8=standardDebugAndroidTestCompileClasspath,standardDebugCompileClasspath,standardDebugRuntimeClasspath,standardDebugUnitTestCompileClasspath,standardDebugUnitTestRuntimeClasspath,standardReleaseCompileClasspath,standardReleaseRuntimeClasspath,standardReleaseUnitTestCompileClasspath,standardReleaseUnitTestRuntimeClasspath
androidx.compose.material:material-ripple-android:1.9.0=standardDebugAndroidTestCompileClasspath,standardDebugCompileClasspath,standardDebugRuntimeClasspath,standardDebugUnitTestCompileClasspath,standardDebugUnitTestRuntimeClasspath,standardReleaseCompileClasspath,standardReleaseRuntimeClasspath,standardReleaseUnitTestCompileClasspath,standardReleaseUnitTestRuntimeClasspath
androidx.compose.material:material-ripple:1.9.0=standardDebugAndroidTestCompileClasspath,standardDebugCompileClasspath,standardDebugRuntimeClasspath,standardDebugUnitTestCompileClasspath,standardDebugUnitTestRuntimeClasspath,standardReleaseCompileClasspath,standardReleaseRuntimeClasspath,standardReleaseUnitTestCompileClasspath,standardReleaseUnitTestRuntimeClasspath
androidx.compose.material:material:1.9.0=standardDebugRuntimeClasspath,standardDebugUnitTestRuntimeClasspath
androidx.compose.runtime:runtime-android:1.9.0=standardDebugAndroidTestCompileClasspath,standardDebugAndroidTestRuntimeClasspath,standardDebugCompileClasspath,standardDebugRuntimeClasspath,standardDebugUnitTestCompileClasspath,standardDebugUnitTestRuntimeClasspath,standardReleaseCompileClasspath,standardReleaseRuntimeClasspath,standardReleaseUnitTestCompileClasspath,standardReleaseUnitTestRuntimeClasspath
androidx.compose.runtime:runtime-annotation-android:1.9.0=standardDebugAndroidTestCompileClasspath,standardDebugAndroidTestRuntimeClasspath,standardDebugCompileClasspath,standardDebugRuntimeClasspath,standardDebugUnitTestCompileClasspath,standardDebugUnitTestRuntimeClasspath,standardReleaseCompileClasspath,standardReleaseRuntimeClasspath,standardReleaseUnitTestCompileClasspath,standardReleaseUnitTestRuntimeClasspath
androidx.compose.runtime:runtime-annotation:1.9.0=standardDebugAndroidTestCompileClasspath,standardDebugAndroidTestRuntimeClasspath,standardDebugCompileClasspath,standardDebugRuntimeClasspath,standardDebugUnitTestCompileClasspath,standardDebugUnitTestRuntimeClasspath,standardReleaseCompileClasspath,standardReleaseRuntimeClasspath,standardReleaseUnitTestCompileClasspath,standardReleaseUnitTestRuntimeClasspath
androidx.compose.runtime:runtime-saveable-android:1.9.0=standardDebugAndroidTestCompileClasspath,standardDebugAndroidTestRuntimeClasspath,standardDebugCompileClasspath,standardDebugRuntimeClasspath,standardDebugUnitTestCompileClasspath,standardDebugUnitTestRuntimeClasspath,standardReleaseCompileClasspath,standardReleaseRuntimeClasspath,standardReleaseUnitTestCompileClasspath,standardReleaseUnitTestRuntimeClasspath
androidx.compose.runtime:runtime-saveable:1.9.0=standardDebugAndroidTestCompileClasspath,standardDebugAndroidTestRuntimeClasspath,standardDebugCompileClasspath,standardDebugRuntimeClasspath,standardDebugUnitTestCompileClasspath,standardDebugUnitTestRuntimeClasspath,standardReleaseCompileClasspath,standardReleaseRuntimeClasspath,standardReleaseUnitTestCompileClasspath,standardReleaseUnitTestRuntimeClasspath
androidx.compose.runtime:runtime:1.9.0=standardDebugAndroidTestCompileClasspath,standardDebugAndroidTestRuntimeClasspath,standardDebugCompileClasspath,standardDebugRuntimeClasspath,standardDebugUnitTestCompileClasspath,standardDebugUnitTestRuntimeClasspath,standardReleaseCompileClasspath,standardReleaseRuntimeClasspath,standardReleaseUnitTestCompileClasspath,standardReleaseUnitTestRuntimeClasspath
androidx.compose.ui:ui-android:1.9.0=standardDebugAndroidTestCompileClasspath,standardDebugAndroidTestRuntimeClasspath,standardDebugCompileClasspath,standardDebugRuntimeClasspath,standardDebugUnitTestCompileClasspath,standardDebugUnitTestRuntimeClasspath,standardReleaseCompileClasspath,standardReleaseRuntimeClasspath,standardReleaseUnitTestCompileClasspath,standardReleaseUnitTestRuntimeClasspath
androidx.compose.ui:ui-geometry-android:1.9.0=standardDebugAndroidTestCompileClasspath,standardDebugAndroidTestRuntimeClasspath,standardDebugCompileClasspath,standardDebugRuntimeClasspath,standardDebugUnitTestCompileClasspath,standardDebugUnitTestRuntimeClasspath,standardReleaseCompileClasspath,standardReleaseRuntimeClasspath,standardReleaseUnitTestCompileClasspath,standardReleaseUnitTestRuntimeClasspath
androidx.compose.ui:ui-geometry:1.9.0=standardDebugAndroidTestCompileClasspath,standardDebugAndroidTestRuntimeClasspath,standardDebugCompileClasspath,standardDebugRuntimeClasspath,standardDebugUnitTestCompileClasspath,standardDebugUnitTestRuntimeClasspath,standardReleaseCompileClasspath,standardReleaseRuntimeClasspath,standardReleaseUnitTestCompileClasspath,standardReleaseUnitTestRuntimeClasspath
androidx.compose.ui:ui-graphics-android:1.9.0=standardDebugAndroidTestCompileClasspath,standardDebugAndroidTestRuntimeClasspath,standardDebugCompileClasspath,standardDebugRuntimeClasspath,standardDebugUnitTestCompileClasspath,standardDebugUnitTestRuntimeClasspath,standardReleaseCompileClasspath,standardReleaseRuntimeClasspath,standardReleaseUnitTestCompileClasspath,standardReleaseUnitTestRuntimeClasspath
androidx.compose.ui:ui-graphics:1.9.0=standardDebugAndroidTestCompileClasspath,standardDebugAndroidTestRuntimeClasspath,standardDebugCompileClasspath,standardDebugRuntimeClasspath,standardDebugUnitTestCompileClasspath,standardDebugUnitTestRuntimeClasspath,standardReleaseCompileClasspath,standardReleaseRuntimeClasspath,standardReleaseUnitTestCompileClasspath,standardReleaseUnitTestRuntimeClasspath
androidx.compose.ui:ui-test-android:1.9.0=standardDebugAndroidTestCompileClasspath,standardDebugAndroidTestRuntimeClasspath
androidx.compose.ui:ui-test-junit4-android:1.9.0=standardDebugAndroidTestCompileClasspath,standardDebugAndroidTestRuntimeClasspath
androidx.compose.ui:ui-test-junit4:1.9.0=standardDebugAndroidTestCompileClasspath,standardDebugAndroidTestRuntimeClasspath
androidx.compose.ui:ui-test-manifest:1.9.0=standardDebugAndroidTestCompileClasspath,standardDebugCompileClasspath,standardDebugRuntimeClasspath,standardDebugUnitTestCompileClasspath,standardDebugUnitTestRuntimeClasspath
androidx.compose.ui:ui-test:1.9.0=standardDebugAndroidTestCompileClasspath,standardDebugAndroidTestRuntimeClasspath
androidx.compose.ui:ui-text-android:1.9.0=standardDebugAndroidTestCompileClasspath,standardDebugAndroidTestRuntimeClasspath,standardDebugCompileClasspath,standardDebugRuntimeClasspath,standardDebugUnitTestCompileClasspath,standardDebugUnitTestRuntimeClasspath,standardReleaseCompileClasspath,standardReleaseRuntimeClasspath,standardReleaseUnitTestCompileClasspath,standardReleaseUnitTestRuntimeClasspath
androidx.compose.ui:ui-text:1.9.0=standardDebugAndroidTestCompileClasspath,standardDebugAndroidTestRuntimeClasspath,standardDebugCompileClasspath,standardDebugRuntimeClasspath,standardDebugUnitTestCompileClasspath,standardDebugUnitTestRuntimeClasspath,standardReleaseCompileClasspath,standardReleaseRuntimeClasspath,standardReleaseUnitTestCompileClasspath,standardReleaseUnitTestRuntimeClasspath
androidx.compose.ui:ui-tooling-android:1.9.0=standardDebugAndroidTestCompileClasspath,standardDebugCompileClasspath,standardDebugRuntimeClasspath,standardDebugUnitTestCompileClasspath,standardDebugUnitTestRuntimeClasspath
androidx.compose.ui:ui-tooling-data-android:1.9.0=standardDebugAndroidTestCompileClasspath,standardDebugCompileClasspath,standardDebugRuntimeClasspath,standardDebugUnitTestCompileClasspath,standardDebugUnitTestRuntimeClasspath
androidx.compose.ui:ui-tooling-data:1.9.0=standardDebugAndroidTestCompileClasspath,standardDebugCompileClasspath,standardDebugRuntimeClasspath,standardDebugUnitTestCompileClasspath,standardDebugUnitTestRuntimeClasspath
androidx.compose.ui:ui-tooling-preview-android:1.9.0=standardDebugAndroidTestCompileClasspath,standardDebugCompileClasspath,standardDebugRuntimeClasspath,standardDebugUnitTestCompileClasspath,standardDebugUnitTestRuntimeClasspath,standardReleaseCompileClasspath,standardReleaseRuntimeClasspath,standardReleaseUnitTestCompileClasspath,standardReleaseUnitTestRuntimeClasspath
androidx.compose.ui:ui-tooling-preview:1.9.0=standardDebugAndroidTestCompileClasspath,standardDebugCompileClasspath,standardDebugRuntimeClasspath,standardDebugUnitTestCompileClasspath,standardDebugUnitTestRuntimeClasspath,standardReleaseCompileClasspath,standardReleaseRuntimeClasspath,standardReleaseUnitTestCompileClasspath,standardReleaseUnitTestRuntimeClasspath
androidx.compose.ui:ui-tooling:1.9.0=standardDebugAndroidTestCompileClasspath,standardDebugCompileClasspath,standardDebugRuntimeClasspath,standardDebugUnitTestCompileClasspath,standardDebugUnitTestRuntimeClasspath
androidx.compose.ui:ui-unit-android:1.9.0=standardDebugAndroidTestCompileClasspath,standardDebugAndroidTestRuntimeClasspath,standardDebugCompileClasspath,standardDebugRuntimeClasspath,standardDebugUnitTestCompileClasspath,standardDebugUnitTestRuntimeClasspath,standardReleaseCompileClasspath,standardReleaseRuntimeClasspath,standardReleaseUnitTestCompileClasspath,standardReleaseUnitTestRuntimeClasspath
androidx.compose.ui:ui-unit:1.9.0=standardDebugAndroidTestCompileClasspath,standardDebugAndroidTestRuntimeClasspath,standardDebugCompileClasspath,standardDebugRuntimeClasspath,standardDebugUnitTestCompileClasspath,standardDebugUnitTestRuntimeClasspath,standardReleaseCompileClasspath,standardReleaseRuntimeClasspath,standardReleaseUnitTestCompileClasspath,standardReleaseUnitTestRuntimeClasspath
androidx.compose.ui:ui-util-android:1.9.0=standardDebugAndroidTestCompileClasspath,standardDebugAndroidTestRuntimeClasspath,standardDebugCompileClasspath,standardDebugRuntimeClasspath,standardDebugUnitTestCompileClasspath,standardDebugUnitTestRuntimeClasspath,standardReleaseCompileClasspath,standardReleaseRuntimeClasspath,standardReleaseUnitTestCompileClasspath,standardReleaseUnitTestRuntimeClasspath
androidx.compose.ui:ui-util:1.9.0=standardDebugAndroidTestCompileClasspath,standardDebugAndroidTestRuntimeClasspath,standardDebugCompileClasspath,standardDebugRuntimeClasspath,standardDebugUnitTestCompileClasspath,standardDebugUnitTestRuntimeClasspath,standardReleaseCompileClasspath,standardReleaseRuntimeClasspath,standardReleaseUnitTestCompileClasspath,standardReleaseUnitTestRuntimeClasspath
androidx.compose.ui:ui:1.9.0=standardDebugAndroidTestCompileClasspath,standardDebugAndroidTestRuntimeClasspath,standardDebugCompileClasspath,standardDebugRuntimeClasspath,standardDebugUnitTestCompileClasspath,standardDebugUnitTestRuntimeClasspath,standardReleaseCompileClasspath,standardReleaseRuntimeClasspath,standardReleaseUnitTestCompileClasspath,standardReleaseUnitTestRuntimeClasspath
androidx.compose:compose-bom:2025.08.00=standardDebugAndroidTestCompileClasspath,standardDebugAndroidTestRuntimeClasspath,standardDebugCompileClasspath,standardDebugRuntimeClasspath,standardDebugUnitTestCompileClasspath,standardDebugUnitTestRuntimeClasspath,standardReleaseCompileClasspath,standardReleaseRuntimeClasspath,standardReleaseUnitTestCompileClasspath,standardReleaseUnitTestRuntimeClasspath
androidx.concurrent:concurrent-futures-ktx:1.2.0=standardDebugAndroidTestCompileClasspath,standardDebugAndroidTestRuntimeClasspath
androidx.concurrent:concurrent-futures:1.1.0=standardDebugAndroidTestCompileClasspath,standardDebugAndroidTestRuntimeClasspath,standardDebugRuntimeClasspath,standardDebugUnitTestRuntimeClasspath,standardReleaseRuntimeClasspath,standardReleaseUnitTestRuntimeClasspath
androidx.core:core-ktx:1.17.0=standardDebugAndroidTestCompileClasspath,standardDebugAndroidTestRuntimeClasspath,standardDebugCompileClasspath,standardDebugRuntimeClasspath,standardDebugUnitTestCompileClasspath,standardDebugUnitTestRuntimeClasspath,standardReleaseCompileClasspath,standardReleaseRuntimeClasspath,standardReleaseUnitTestCompileClasspath,standardReleaseUnitTestRuntimeClasspath
androidx.core:core-viewtree:1.0.0=standardDebugAndroidTestCompileClasspath,standardDebugAndroidTestRuntimeClasspath,standardDebugCompileClasspath,standardDebugRuntimeClasspath,standardDebugUnitTestCompileClasspath,standardDebugUnitTestRuntimeClasspath,standardReleaseCompileClasspath,standardReleaseRuntimeClasspath,standardReleaseUnitTestCompileClasspath,standardReleaseUnitTestRuntimeClasspath
androidx.core:core:1.17.0=standardDebugAndroidTestCompileClasspath,standardDebugAndroidTestRuntimeClasspath,standardDebugCompileClasspath,standardDebugRuntimeClasspath,standardDebugUnitTestCompileClasspath,standardDebugUnitTestRuntimeClasspath,standardReleaseCompileClasspath,standardReleaseRuntimeClasspath,standardReleaseUnitTestCompileClasspath,standardReleaseUnitTestRuntimeClasspath
androidx.customview:customview-poolingcontainer:1.0.0=standardDebugAndroidTestRuntimeClasspath,standardDebugRuntimeClasspath,standardDebugUnitTestRuntimeClasspath,standardReleaseRuntimeClasspath,standardReleaseUnitTestRuntimeClasspath
androidx.emoji2:emoji2:1.4.0=standardDebugAndroidTestRuntimeClasspath,standardDebugRuntimeClasspath,standardDebugUnitTestRuntimeClasspath,standardReleaseRuntimeClasspath,standardReleaseUnitTestRuntimeClasspath
androidx.graphics:graphics-path:1.0.1=standardDebugAndroidTestRuntimeClasspath,standardDebugRuntimeClasspath,standardDebugUnitTestRuntimeClasspath,standardReleaseRuntimeClasspath,standardReleaseUnitTestRuntimeClasspath
androidx.interpolator:interpolator:1.0.0=standardDebugAndroidTestRuntimeClasspath,standardDebugRuntimeClasspath,standardDebugUnitTestRuntimeClasspath,standardReleaseRuntimeClasspath,standardReleaseUnitTestRuntimeClasspath
androidx.lifecycle:lifecycle-common-java8:2.9.0=standardDebugRuntimeClasspath,standardDebugUnitTestRuntimeClasspath,standardReleaseRuntimeClasspath,standardReleaseUnitTestRuntimeClasspath
androidx.lifecycle:lifecycle-common-jvm:2.9.0=standardDebugAndroidTestCompileClasspath,standardDebugAndroidTestRuntimeClasspath,standardDebugCompileClasspath,standardDebugRuntimeClasspath,standardDebugUnitTestCompileClasspath,standardDebugUnitTestRuntimeClasspath,standardReleaseCompileClasspath,standardReleaseRuntimeClasspath,standardReleaseUnitTestCompileClasspath,standardReleaseUnitTestRuntimeClasspath
androidx.lifecycle:lifecycle-common:2.9.0=standardDebugAndroidTestCompileClasspath,standardDebugAndroidTestRuntimeClasspath,standardDebugCompileClasspath,standardDebugRuntimeClasspath,standardDebugUnitTestCompileClasspath,standardDebugUnitTestRuntimeClasspath,standardReleaseCompileClasspath,standardReleaseRuntimeClasspath,standardReleaseUnitTestCompileClasspath,standardReleaseUnitTestRuntimeClasspath
androidx.lifecycle:lifecycle-livedata-core:2.9.0=standardDebugAndroidTestCompileClasspath,standardDebugAndroidTestRuntimeClasspath,standardDebugCompileClasspath,standardDebugRuntimeClasspath,standardDebugUnitTestCompileClasspath,standardDebugUnitTestRuntimeClasspath,standardReleaseCompileClasspath,standardReleaseRuntimeClasspath,standardReleaseUnitTestCompileClasspath,standardReleaseUnitTestRuntimeClasspath
androidx.lifecycle:lifecycle-process:2.9.0=standardDebugAndroidTestRuntimeClasspath,standardDebugRuntimeClasspath,standardDebugUnitTestRuntimeClasspath,standardReleaseRuntimeClasspath,standardReleaseUnitTestRuntimeClasspath
androidx.lifecycle:lifecycle-runtime-android:2.9.0=standardDebugAndroidTestCompileClasspath,standardDebugAndroidTestRuntimeClasspath,standardDebugCompileClasspath,standardDebugRuntimeClasspath,standardDebugUnitTestCompileClasspath,standardDebugUnitTestRuntimeClasspath,standardReleaseCompileClasspath,standardReleaseRuntimeClasspath,standardReleaseUnitTestCompileClasspath,standardReleaseUnitTestRuntimeClasspath
androidx.lifecycle:lifecycle-runtime-compose-android:2.9.0=standardDebugAndroidTestCompileClasspath,standardDebugAndroidTestRuntimeClasspath,standardDebugCompileClasspath,standardDebugRuntimeClasspath,standardDebugUnitTestCompileClasspath,standardDebugUnitTestRuntimeClasspath,standardReleaseCompileClasspath,standardReleaseRuntimeClasspath,standardReleaseUnitTestCompileClasspath,standardReleaseUnitTestRuntimeClasspath
androidx.lifecycle:lifecycle-runtime-compose:2.9.0=standardDebugAndroidTestCompileClasspath,standardDebugAndroidTestRuntimeClasspath,standardDebugCompileClasspath,standardDebugRuntimeClasspath,standardDebugUnitTestCompileClasspath,standardDebugUnitTestRuntimeClasspath,standardReleaseCompileClasspath,standardReleaseRuntimeClasspath,standardReleaseUnitTestCompileClasspath,standardReleaseUnitTestRuntimeClasspath
androidx.lifecycle:lifecycle-runtime-ktx-android:2.9.0=standardDebugAndroidTestCompileClasspath,standardDebugAndroidTestRuntimeClasspath,standardDebugCompileClasspath,standardDebugRuntimeClasspath,standardDebugUnitTestCompileClasspath,standardDebugUnitTestRuntimeClasspath,standardReleaseCompileClasspath,standardReleaseRuntimeClasspath,standardReleaseUnitTestCompileClasspath,standardReleaseUnitTestRuntimeClasspath
androidx.lifecycle:lifecycle-runtime-ktx:2.9.0=standardDebugAndroidTestCompileClasspath,standardDebugAndroidTestRuntimeClasspath,standardDebugCompileClasspath,standardDebugRuntimeClasspath,standardDebugUnitTestCompileClasspath,standardDebugUnitTestRuntimeClasspath,standardReleaseCompileClasspath,standardReleaseRuntimeClasspath,standardReleaseUnitTestCompileClasspath,standardReleaseUnitTestRuntimeClasspath
androidx.lifecycle:lifecycle-runtime:2.9.0=standardDebugAndroidTestCompileClasspath,standardDebugAndroidTestRuntimeClasspath,standardDebugCompileClasspath,standardDebugRuntimeClasspath,standardDebugUnitTestCompileClasspath,standardDebugUnitTestRuntimeClasspath,standardReleaseCompileClasspath,standardReleaseRuntimeClasspath,standardReleaseUnitTestCompileClasspath,standardReleaseUnitTestRuntimeClasspath
androidx.lifecycle:lifecycle-viewmodel-android:2.9.0=standardDebugAndroidTestCompileClasspath,standardDebugAndroidTestRuntimeClasspath,standardDebugCompileClasspath,standardDebugRuntimeClasspath,standardDebugUnitTestCompileClasspath,standardDebugUnitTestRuntimeClasspath,standardReleaseCompileClasspath,standardReleaseRuntimeClasspath,standardReleaseUnitTestCompileClasspath,standardReleaseUnitTestRuntimeClasspath
androidx.lifecycle:lifecycle-viewmodel-ktx:2.9.0=standardDebugAndroidTestRuntimeClasspath,standardDebugRuntimeClasspath,standardDebugUnitTestRuntimeClasspath,standardReleaseRuntimeClasspath,standardReleaseUnitTestRuntimeClasspath
androidx.lifecycle:lifecycle-viewmodel-savedstate-android:2.9.0=standardDebugAndroidTestCompileClasspath,standardDebugAndroidTestRuntimeClasspath,standardDebugCompileClasspath,standardDebugRuntimeClasspath,standardDebugUnitTestCompileClasspath,standardDebugUnitTestRuntimeClasspath,standardReleaseCompileClasspath,standardReleaseRuntimeClasspath,standardReleaseUnitTestCompileClasspath,standardReleaseUnitTestRuntimeClasspath
androidx.lifecycle:lifecycle-viewmodel-savedstate:2.9.0=standardDebugAndroidTestCompileClasspath,standardDebugAndroidTestRuntimeClasspath,standardDebugCompileClasspath,standardDebugRuntimeClasspath,standardDebugUnitTestCompileClasspath,standardDebugUnitTestRuntimeClasspath,standardReleaseCompileClasspath,standardReleaseRuntimeClasspath,standardReleaseUnitTestCompileClasspath,standardReleaseUnitTestRuntimeClasspath
androidx.lifecycle:lifecycle-viewmodel:2.9.0=standardDebugAndroidTestCompileClasspath,standardDebugAndroidTestRuntimeClasspath,standardDebugCompileClasspath,standardDebugRuntimeClasspath,standardDebugUnitTestCompileClasspath,standardDebugUnitTestRuntimeClasspath,standardReleaseCompileClasspath,standardReleaseRuntimeClasspath,standardReleaseUnitTestCompileClasspath,standardReleaseUnitTestRuntimeClasspath
androidx.profileinstaller:profileinstaller:1.4.0=standardDebugAndroidTestRuntimeClasspath,standardDebugRuntimeClasspath,standardDebugUnitTestRuntimeClasspath,standardReleaseRuntimeClasspath,standardReleaseUnitTestRuntimeClasspath
androidx.savedstate:savedstate-android:1.3.0=standardDebugAndroidTestCompileClasspath,standardDebugAndroidTestRuntimeClasspath,standardDebugCompileClasspath,standardDebugRuntimeClasspath,standardDebugUnitTestCompileClasspath,standardDebugUnitTestRuntimeClasspath,standardReleaseCompileClasspath,standardReleaseRuntimeClasspath,standardReleaseUnitTestCompileClasspath,standardReleaseUnitTestRuntimeClasspath
androidx.savedstate:savedstate-compose-android:1.3.0=standardDebugAndroidTestCompileClasspath,standardDebugAndroidTestRuntimeClasspath,standardDebugCompileClasspath,standardDebugRuntimeClasspath,standardDebugUnitTestCompileClasspath,standardDebugUnitTestRuntimeClasspath,standardReleaseCompileClasspath,standardReleaseRuntimeClasspath,standardReleaseUnitTestCompileClasspath,standardReleaseUnitTestRuntimeClasspath
androidx.savedstate:savedstate-compose:1.3.0=standardDebugAndroidTestCompileClasspath,standardDebugAndroidTestRuntimeClasspath,standardDebugCompileClasspath,standardDebugRuntimeClasspath,standardDebugUnitTestCompileClasspath,standardDebugUnitTestRuntimeClasspath,standardReleaseCompileClasspath,standardReleaseRuntimeClasspath,standardReleaseUnitTestCompileClasspath,standardReleaseUnitTestRuntimeClasspath
androidx.savedstate:savedstate-ktx:1.3.0=standardDebugAndroidTestRuntimeClasspath,standardDebugRuntimeClasspath,standardDebugUnitTestRuntimeClasspath,standardReleaseRuntimeClasspath,standardReleaseUnitTestRuntimeClasspath
androidx.savedstate:savedstate:1.3.0=standardDebugAndroidTestCompileClasspath,standardDebugAndroidTestRuntimeClasspath,standardDebugCompileClasspath,standardDebugRuntimeClasspath,standardDebugUnitTestCompileClasspath,standardDebugUnitTestRuntimeClasspath,standardReleaseCompileClasspath,standardReleaseRuntimeClasspath,standardReleaseUnitTestCompileClasspath,standardReleaseUnitTestRuntimeClasspath
androidx.startup:startup-runtime:1.1.1=standardDebugAndroidTestRuntimeClasspath,standardDebugRuntimeClasspath,standardDebugUnitTestRuntimeClasspath,standardReleaseRuntimeClasspath,standardReleaseUnitTestRuntimeClasspath
androidx.test.espresso:espresso-core:3.5.0=standardDebugAndroidTestRuntimeClasspath
androidx.test.espresso:espresso-idling-resource:3.5.0=standardDebugAndroidTestRuntimeClasspath
androidx.test.ext:junit:1.3.0=standardDebugAndroidTestCompileClasspath,standardDebugAndroidTestRuntimeClasspath
androidx.test.services:storage:1.6.0=standardDebugAndroidTestCompileClasspath,standardDebugAndroidTestRuntimeClasspath
androidx.test:annotation:1.0.1=standardDebugAndroidTestRuntimeClasspath
androidx.test:core:1.7.0=standardDebugAndroidTestCompileClasspath,standardDebugAndroidTestRuntimeClasspath
androidx.test:monitor:1.8.0=standardDebugAndroidTestCompileClasspath,standardDebugAndroidTestRuntimeClasspath
androidx.test:runner:1.7.0=standardDebugAndroidTestCompileClasspath,standardDebugAndroidTestRuntimeClasspath
androidx.tracing:tracing:1.2.0=standardDebugAndroidTestCompileClasspath,standardDebugAndroidTestRuntimeClasspath,standardDebugRuntimeClasspath,standardDebugUnitTestRuntimeClasspath,standardReleaseRuntimeClasspath,standardReleaseUnitTestRuntimeClasspath
androidx.versionedparcelable:versionedparcelable:1.1.1=standardDebugAndroidTestCompileClasspath,standardDebugAndroidTestRuntimeClasspath,standardDebugCompileClasspath,standardDebugRuntimeClasspath,standardDebugUnitTestCompileClasspath,standardDebugUnitTestRuntimeClasspath,standardReleaseCompileClasspath,standardReleaseRuntimeClasspath,standardReleaseUnitTestCompileClasspath,standardReleaseUnitTestRuntimeClasspath
com.google.code.findbugs:jsr305:2.0.2=standardDebugAndroidTestRuntimeClasspath
com.google.guava:listenablefuture:1.0=standardDebugAndroidTestCompileClasspath,standardDebugAndroidTestRuntimeClasspath,standardDebugCompileClasspath,standardDebugRuntimeClasspath,standardDebugUnitTestCompileClasspath,standardDebugUnitTestRuntimeClasspath,standardReleaseCompileClasspath,standardReleaseRuntimeClasspath,standardReleaseUnitTestCompileClasspath,standardReleaseUnitTestRuntimeClasspath
com.googlecode.javaewah:JavaEWAH:1.2.3=standardDebugAndroidTestCompileClasspath,standardDebugCompileClasspath,standardDebugRuntimeClasspath,standardDebugUnitTestCompileClasspath,standardDebugUnitTestRuntimeClasspath,standardReleaseCompileClasspath,standardReleaseRuntimeClasspath,standardReleaseUnitTestCompileClasspath,standardReleaseUnitTestRuntimeClasspath
com.squareup.okhttp3:okhttp:4.12.0=standardDebugAndroidTestCompileClasspath,standardDebugCompileClasspath,standardDebugRuntimeClasspath,standardDebugUnitTestCompileClasspath,standardDebugUnitTestRuntimeClasspath,standardReleaseCompileClasspath,standardReleaseRuntimeClasspath,standardReleaseUnitTestCompileClasspath,standardReleaseUnitTestRuntimeClasspath
com.squareup.okio:okio-jvm:3.6.0=standardDebugAndroidTestCompileClasspath,standardDebugCompileClasspath,standardDebugRuntimeClasspath,standardDebugUnitTestCompileClasspath,standardDebugUnitTestRuntimeClasspath,standardReleaseCompileClasspath,standardReleaseRuntimeClasspath,standardReleaseUnitTestCompileClasspath,standardReleaseUnitTestRuntimeClasspath
com.squareup.okio:okio:3.6.0=standardDebugAndroidTestCompileClasspath,standardDebugCompileClasspath,standardDebugRuntimeClasspath,standardDebugUnitTestCompileClasspath,standardDebugUnitTestRuntimeClasspath,standardReleaseCompileClasspath,standardReleaseRuntimeClasspath,standardReleaseUnitTestCompileClasspath,standardReleaseUnitTestRuntimeClasspath
com.squareup:javawriter:2.1.1=standardDebugAndroidTestRuntimeClasspath
commons-codec:commons-codec:1.22.0=standardDebugAndroidTestCompileClasspath,standardDebugCompileClasspath,standardDebugRuntimeClasspath,standardDebugUnitTestCompileClasspath,standardDebugUnitTestRuntimeClasspath,standardReleaseCompileClasspath,standardReleaseRuntimeClasspath,standardReleaseUnitTestCompileClasspath,standardReleaseUnitTestRuntimeClasspath
io.github.webrtc-sdk:android-prefixed-stripped:144.7559.12=pinnedWebRtcAar,standardDebugAndroidTestCompileClasspath,standardDebugCompileClasspath,standardDebugRuntimeClasspath,standardDebugUnitTestCompileClasspath,standardDebugUnitTestRuntimeClasspath,standardReleaseCompileClasspath,standardReleaseRuntimeClasspath,standardReleaseUnitTestCompileClasspath,standardReleaseUnitTestRuntimeClasspath
javax.inject:javax.inject:1=standardDebugAndroidTestRuntimeClasspath
junit:junit:4.13.2=standardDebugAndroidTestCompileClasspath,standardDebugAndroidTestRuntimeClasspath,standardDebugUnitTestCompileClasspath,standardDebugUnitTestRuntimeClasspath,standardReleaseUnitTestCompileClasspath,standardReleaseUnitTestRuntimeClasspath
org.eclipse.jgit:org.eclipse.jgit:7.7.1.202607240634-r=standardDebugAndroidTestCompileClasspath,standardDebugCompileClasspath,standardDebugRuntimeClasspath,standardDebugUnitTestCompileClasspath,standardDebugUnitTestRuntimeClasspath,standardReleaseCompileClasspath,standardReleaseRuntimeClasspath,standardReleaseUnitTestCompileClasspath,standardReleaseUnitTestRuntimeClasspath
org.hamcrest:hamcrest-core:1.3=standardDebugAndroidTestCompileClasspath,standardDebugAndroidTestRuntimeClasspath,standardDebugUnitTestCompileClasspath,standardDebugUnitTestRuntimeClasspath,standardReleaseUnitTestCompileClasspath,standardReleaseUnitTestRuntimeClasspath
org.hamcrest:hamcrest-integration:1.3=standardDebugAndroidTestRuntimeClasspath
org.hamcrest:hamcrest-library:1.3=standardDebugAndroidTestRuntimeClasspath
org.jetbrains.kotlin:kotlin-build-tools-api:2.2.21=kotlinBuildToolsApiClasspath
org.jetbrains.kotlin:kotlin-build-tools-impl:2.2.21=kotlinBuildToolsApiClasspath
org.jetbrains.kotlin:kotlin-compiler-embeddable:2.2.21=kotlinBuildToolsApiClasspath,kotlinCompilerClasspath
org.jetbrains.kotlin:kotlin-compiler-runner:2.2.21=kotlinBuildToolsApiClasspath
org.jetbrains.kotlin:kotlin-compose-compiler-plugin-embeddable:2.2.21=kotlinCompilerPluginClasspathStandardDebug,kotlinCompilerPluginClasspathStandardDebugAndroidTest,kotlinCompilerPluginClasspathStandardDebugUnitTest,kotlinCompilerPluginClasspathStandardRelease,kotlinCompilerPluginClasspathStandardReleaseUnitTest
org.jetbrains.kotlin:kotlin-daemon-client:2.2.21=kotlinBuildToolsApiClasspath
org.jetbrains.kotlin:kotlin-daemon-embeddable:2.2.21=kotlinBuildToolsApiClasspath,kotlinCompilerClasspath
org.jetbrains.kotlin:kotlin-reflect:1.6.10=kotlinBuildToolsApiClasspath,kotlinCompilerClasspath
org.jetbrains.kotlin:kotlin-script-runtime:2.2.21=kotlinBuildToolsApiClasspath,kotlinCompilerClasspath
org.jetbrains.kotlin:kotlin-scripting-common:2.2.21=kotlinBuildToolsApiClasspath
org.jetbrains.kotlin:kotlin-scripting-compiler-embeddable:2.2.21=kotlinBuildToolsApiClasspath
org.jetbrains.kotlin:kotlin-scripting-compiler-impl-embeddable:2.2.21=kotlinBuildToolsApiClasspath
org.jetbrains.kotlin:kotlin-scripting-jvm:2.2.21=kotlinBuildToolsApiClasspath
org.jetbrains.kotlin:kotlin-stdlib-common:2.2.21=standardDebugAndroidTestCompileClasspath,standardDebugCompileClasspath,standardDebugRuntimeClasspath,standardDebugUnitTestCompileClasspath,standardDebugUnitTestRuntimeClasspath,standardReleaseCompileClasspath,standardReleaseRuntimeClasspath,standardReleaseUnitTestCompileClasspath,standardReleaseUnitTestRuntimeClasspath
org.jetbrains.kotlin:kotlin-stdlib-jdk7:1.9.10=standardDebugAndroidTestCompileClasspath,standardDebugCompileClasspath,standardDebugRuntimeClasspath,standardDebugUnitTestCompileClasspath,standardDebugUnitTestRuntimeClasspath,standardReleaseCompileClasspath,standardReleaseRuntimeClasspath,standardReleaseUnitTestCompileClasspath,standardReleaseUnitTestRuntimeClasspath
org.jetbrains.kotlin:kotlin-stdlib-jdk8:1.9.10=standardDebugAndroidTestCompileClasspath,standardDebugCompileClasspath,standardDebugRuntimeClasspath,standardDebugUnitTestCompileClasspath,standardDebugUnitTestRuntimeClasspath,standardReleaseCompileClasspath,standardReleaseRuntimeClasspath,standardReleaseUnitTestCompileClasspath,standardReleaseUnitTestRuntimeClasspath
org.jetbrains.kotlin:kotlin-stdlib:2.2.21=kotlinBuildToolsApiClasspath,kotlinCompilerClasspath,standardDebugAndroidTestCompileClasspath,standardDebugAndroidTestRuntimeClasspath,standardDebugCompileClasspath,standardDebugRuntimeClasspath,standardDebugUnitTestCompileClasspath,standardDebugUnitTestRuntimeClasspath,standardReleaseCompileClasspath,standardReleaseRuntimeClasspath,standardReleaseUnitTestCompileClasspath,standardReleaseUnitTestRuntimeClasspath
org.jetbrains.kotlinx:kotlinx-coroutines-android:1.8.1=standardDebugAndroidTestCompileClasspath,standardDebugAndroidTestRuntimeClasspath,standardDebugCompileClasspath,standardDebugRuntimeClasspath,standardDebugUnitTestCompileClasspath,standardDebugUnitTestRuntimeClasspath,standardReleaseCompileClasspath,standardReleaseRuntimeClasspath,standardReleaseUnitTestCompileClasspath,standardReleaseUnitTestRuntimeClasspath
org.jetbrains.kotlinx:kotlinx-coroutines-bom:1.8.1=standardDebugAndroidTestCompileClasspath,standardDebugAndroidTestRuntimeClasspath,standardDebugCompileClasspath,standardDebugRuntimeClasspath,standardDebugUnitTestCompileClasspath,standardDebugUnitTestRuntimeClasspath,standardReleaseCompileClasspath,standardReleaseRuntimeClasspath,standardReleaseUnitTestCompileClasspath,standardReleaseUnitTestRuntimeClasspath
org.jetbrains.kotlinx:kotlinx-coroutines-core-jvm:1.8.0=kotlinBuildToolsApiClasspath,kotlinCompilerClasspath
org.jetbrains.kotlinx:kotlinx-coroutines-core-jvm:1.8.1=standardDebugAndroidTestCompileClasspath,standardDebugAndroidTestRuntimeClasspath,standardDebugCompileClasspath,standardDebugRuntimeClasspath,standardDebugUnitTestCompileClasspath,standardDebugUnitTestRuntimeClasspath,standardReleaseCompileClasspath,standardReleaseRuntimeClasspath,standardReleaseUnitTestCompileClasspath,standardReleaseUnitTestRuntimeClasspath
org.jetbrains.kotlinx:kotlinx-coroutines-core:1.8.1=standardDebugAndroidTestCompileClasspath,standardDebugAndroidTestRuntimeClasspath,standardDebugCompileClasspath,standardDebugRuntimeClasspath,standardDebugUnitTestCompileClasspath,standardDebugUnitTestRuntimeClasspath,standardReleaseCompileClasspath,standardReleaseRuntimeClasspath,standardReleaseUnitTestCompileClasspath,standardReleaseUnitTestRuntimeClasspath
org.jetbrains.kotlinx:kotlinx-coroutines-test-jvm:1.8.1=standardDebugAndroidTestCompileClasspath,standardDebugAndroidTestRuntimeClasspath
org.jetbrains.kotlinx:kotlinx-coroutines-test:1.8.1=standardDebugAndroidTestCompileClasspath,standardDebugAndroidTestRuntimeClasspath
org.jetbrains.kotlinx:kotlinx-serialization-bom:1.7.3=standardDebugAndroidTestCompileClasspath,standardDebugAndroidTestRuntimeClasspath,standardDebugCompileClasspath,standardDebugRuntimeClasspath,standardDebugUnitTestCompileClasspath,standardDebugUnitTestRuntimeClasspath,standardReleaseCompileClasspath,standardReleaseRuntimeClasspath,standardReleaseUnitTestCompileClasspath,standardReleaseUnitTestRuntimeClasspath
org.jetbrains.kotlinx:kotlinx-serialization-core-jvm:1.7.3=standardDebugAndroidTestCompileClasspath,standardDebugAndroidTestRuntimeClasspath,standardDebugCompileClasspath,standardDebugRuntimeClasspath,standardDebugUnitTestCompileClasspath,standardDebugUnitTestRuntimeClasspath,standardReleaseCompileClasspath,standardReleaseRuntimeClasspath,standardReleaseUnitTestCompileClasspath,standardReleaseUnitTestRuntimeClasspath
org.jetbrains.kotlinx:kotlinx-serialization-core:1.7.3=standardDebugAndroidTestCompileClasspath,standardDebugAndroidTestRuntimeClasspath,standardDebugCompileClasspath,standardDebugRuntimeClasspath,standardDebugUnitTestCompileClasspath,standardDebugUnitTestRuntimeClasspath,standardReleaseCompileClasspath,standardReleaseRuntimeClasspath,standardReleaseUnitTestCompileClasspath,standardReleaseUnitTestRuntimeClasspath
org.jetbrains:annotations:13.0=kotlinBuildToolsApiClasspath,kotlinCompilerClasspath
org.jetbrains:annotations:23.0.0=standardDebugAndroidTestCompileClasspath,standardDebugAndroidTestRuntimeClasspath,standardDebugCompileClasspath,standardDebugRuntimeClasspath,standardDebugUnitTestCompileClasspath,standardDebugUnitTestRuntimeClasspath,standardReleaseCompileClasspath,standardReleaseRuntimeClasspath,standardReleaseUnitTestCompileClasspath,standardReleaseUnitTestRuntimeClasspath
org.json:json:20250517=standardDebugUnitTestCompileClasspath,standardDebugUnitTestRuntimeClasspath,standardReleaseUnitTestCompileClasspath,standardReleaseUnitTestRuntimeClasspath
org.jspecify:jspecify:1.0.0=standardDebugAndroidTestCompileClasspath,standardDebugAndroidTestRuntimeClasspath,standardDebugCompileClasspath,standardDebugRuntimeClasspath,standardDebugUnitTestCompileClasspath,standardDebugUnitTestRuntimeClasspath,standardReleaseCompileClasspath,standardReleaseRuntimeClasspath,standardReleaseUnitTestCompileClasspath,standardReleaseUnitTestRuntimeClasspath
org.slf4j:slf4j-api:2.0.18=standardDebugAndroidTestCompileClasspath,standardDebugCompileClasspath,standardDebugRuntimeClasspath,standardDebugUnitTestCompileClasspath,standardDebugUnitTestRuntimeClasspath,standardReleaseCompileClasspath,standardReleaseRuntimeClasspath,standardReleaseUnitTestCompileClasspath,standardReleaseUnitTestRuntimeClasspath
empty=kotlinCompilerPluginClasspath,lintChecks,standardDebugAndroidTestAnnotationProcessorClasspath,standardDebugAnnotationProcessorClasspath,standardDebugUnitTestAnnotationProcessorClasspath,standardReleaseAnnotationProcessorClasspath,standardReleaseUnitTestAnnotationProcessorClasspath
